{
    "name": "@cuecue/cli",
    "version": "0.0.42",
    "lockfileVersion": 2,
    "requires": true,
    "packages": {
        "": {
            "name": "@cuecue/cli",
            "version": "0.0.42",
            "license": "ISC",
            "dependencies": {
                "commander": "^8.3.0",
                "dotenv": "^8.2.0"
            },
            "bin": {
                "cuecue": "dist/cli.js"
            }
        },
        "node_modules/commander": {
            "version": "8.3.0",
            "resolved": "https://registry.npmjs.org/commander/-/commander-8.3.0.tgz",
            "integrity": "sha512-OkTL9umf+He2DZkUq8f8J9of7yL6RJKI24dVITBmNfZBmri9zYZQrKkuXiKhyfPSu8tUhnVBB1iKXevvnlR4Ww==",
            "engines": {
                "node": ">= 12"
            }
        },
        "node_modules/dotenv": {
            "version": "8.6.0",
            "resolved": "https://registry.npmjs.org/dotenv/-/dotenv-8.6.0.tgz",
            "integrity": "sha512-IrPdXQsk2BbzvCBGBOTmmSH5SodmqZNt4ERAZDmW4CT+tL8VtvinqywuANaFu4bOMWki16nqf0e4oC0QIaDr/g==",
            "engines": {
                "node": ">=10"
            }
        }
    },
    "dependencies": {
        "commander": {
            "version": "8.3.0",
            "resolved": "https://registry.npmjs.org/commander/-/commander-8.3.0.tgz",
            "integrity": "sha512-OkTL9umf+He2DZkUq8f8J9of7yL6RJKI24dVITBmNfZBmri9zYZQrKkuXiKhyfPSu8tUhnVBB1iKXevvnlR4Ww=="
        },
        "dotenv": {
            "version": "8.6.0",
            "resolved": "https://registry.npmjs.org/dotenv/-/dotenv-8.6.0.tgz",
            "integrity": "sha512-IrPdXQsk2BbzvCBGBOTmmSH5SodmqZNt4ERAZDmW4CT+tL8VtvinqywuANaFu4bOMWki16nqf0e4oC0QIaDr/g=="
        }
    }
}
